
Microsoft Visual Studio Solution File, Format Version 12.00
# Visual Studio Version 16
VisualStudioVersion = 16.0.29709.97
MinimumVisualStudioVersion = 10.0.40219.1
Project("{FAE04EC0-301F-11D3-BF4B-00C04F79EFBC}") = "Maori Quiz", "Maori Quiz\Maori Quiz.csproj", "{BE4F2E2A-B857-4554-AD02-10C92DE91F49}"
EndProject
Global
	GlobalSection(SolutionConfigurationPlatforms) = preSolution
		Debug|Any CPU = Debug|Any CPU
		Release|Any CPU = Release|Any CPU
	EndGlobalSection
	GlobalSection(ProjectConfigurationPlatforms) = postSolution
		{BE4F2E2A-B857-4554-AD02-10C92DE91F49}.Debug|Any CPU.ActiveCfg = Debug|Any CPU
		{BE4F2E2A-B857-4554-AD02-10C92DE91F49}.Debug|Any CPU.Build.0 = Debug|Any CPU
		{BE4F2E2A-B857-4554-AD02-10C92DE91F49}.Release|Any CPU.ActiveCfg = Release|Any CPU
		{BE4F2E2A-B857-4554-AD02-10C92DE91F49}.Release|Any CPU.Build.0 = Release|Any CPU
	EndGlobalSection
	GlobalSection(SolutionProperties) = preSolution
		HideSolutionNode = FALSE
	EndGlobalSection
	GlobalSection(ExtensibilityGlobals) = postSolution
		SolutionGuid = {3D9322EB-D5B9-450A-B766-DADB62681B32}
	EndGlobalSection
EndGlobal
